<?xml version="1.0" encoding="utf-8"?>
<Project ToolsVersion="4.0" xmlns="http://schemas.microsoft.com/developer/msbuild/2003">
  <ItemGroup>
    <Filter Include="Исходные файлы">
      <UniqueIdentifier>{4FC737F1-C7A5-4376-A066-2A32D752A2FF}</UniqueIdentifier>
      <Extensions>cpp;c;cc;cxx;c++;cppm;ixx;def;odl;idl;hpj;bat;asm;asmx</Extensions>
    </Filter>
    <Filter Include="Файлы заголовков">
      <UniqueIdentifier>{93995380-89BD-4b04-88EB-625FBE52EBFB}</UniqueIdentifier>
      <Extensions>h;hh;hpp;hxx;h++;hm;inl;inc;ipp;xsd</Extensions>
    </Filter>
    <Filter Include="Файлы ресурсов">
      <UniqueIdentifier>{67DA6AB6-F800-4c08-8B7A-83BB121AAD01}</UniqueIdentifier>
      <Extensions>rc;ico;cur;bmp;dlg;rc2;rct;bin;rgs;gif;jpg;jpeg;jpe;resx;tiff;tif;png;wav;mfcribbon-ms</Extensions>
    </Filter>
  </ItemGroup>
  <ItemGroup>
    <ClCompile Include="igrulka.cpp">
      <Filter>Исходные файлы</Filter>
    </ClCompile>
    <ClCompile Include="solo.cpp">
      <Filter>Исходные файлы</Filter>
    </ClCompile>
    <ClCompile Include="Multiplayer.cpp">
      <Filter>Исходные файлы</Filter>
    </ClCompile>
    <ClCompile Include="menu.cpp">
      <Filter>Исходные файлы</Filter>
    </ClCompile>
    <ClCompile Include="Rules.cpp">
      <Filter>Исходные файлы</Filter>
    </ClCompile>
    <ClCompile Include="with_bot.cpp">
      <Filter>Исходные файлы</Filter>
    </ClCompile>
    <ClCompile Include="color.cpp">
      <Filter>Исходные файлы</Filter>
    </ClCompile>
    <ClCompile Include="cosmetics.cpp">
      <Filter>Исходные файлы</Filter>
    </ClCompile>
    <ClCompile Include="background.cpp">
      <Filter>Исходные файлы</Filter>
    </ClCompile>
    <ClCompile Include="link.cpp">
      <Filter>Исходные файлы</Filter>
    </ClCompile>
    <ClCompile Include="probnik.cpp">
      <Filter>Исходные файлы</Filter>
    </ClCompile>
    <ClCompile Include="random.cpp">
      <Filter>Исходные файлы</Filter>
    </ClCompile>
    <ClCompile Include="rockpaper.cpp">
      <Filter>Исходные файлы</Filter>
    </ClCompile>
    <ClCompile Include="math.cpp">
      <Filter>Исходные файлы</Filter>
    </ClCompile>
    <ClCompile Include="formula1.cpp">
      <Filter>Исходные файлы</Filter>
    </ClCompile>
    <ClCompile Include="tictoe.cpp">
      <Filter>Исходные файлы</Filter>
    </ClCompile>
    <ClCompile Include="guess.cpp">
      <Filter>Исходные файлы</Filter>
    </ClCompile>
    <ClCompile Include="randomgame1.cpp">
      <Filter>Исходные файлы</Filter>
    </ClCompile>
    <ClCompile Include="commands.cpp">
      <Filter>Исходные файлы</Filter>
    </ClCompile>
    <ClCompile Include="randomevent.cpp">
      <Filter>Исходные файлы</Filter>
    </ClCompile>
    <ClCompile Include="engine.cpp">
      <Filter>Исходные файлы</Filter>
    </ClCompile>
  </ItemGroup>
  <ItemGroup>
    <ClInclude Include="Header.h">
      <Filter>Исходные файлы</Filter>
    </ClInclude>
  </ItemGroup>
  <ItemGroup>
    <None Include="html.html">
      <Filter>Исходные файлы</Filter>
    </None>
    <None Include="rtyu.css">
      <Filter>Исходные файлы</Filter>
    </None>
    <None Include="..\..\ОПИ\main.css">
      <Filter>Исходные файлы</Filter>
    </None>
    <None Include="..\..\ОПИ\main.html">
      <Filter>Исходные файлы</Filter>
    </None>
    <None Include="..\..\ОПИ\main.js">
      <Filter>Исходные файлы</Filter>
    </None>
    <None Include="проект опи.docx">
      <Filter>Исходные файлы</Filter>
    </None>
  </ItemGroup>
  <ItemGroup>
    <Image Include="..\..\ОПИ\dima.jpg">
      <Filter>Исходные файлы</Filter>
    </Image>
    <Image Include="..\..\ОПИ\elya.jpg">
      <Filter>Исходные файлы</Filter>
    </Image>
    <Image Include="..\..\ОПИ\first.png">
      <Filter>Исходные файлы</Filter>
    </Image>
    <Image Include="..\..\ОПИ\ivan.jpg">
      <Filter>Исходные файлы</Filter>
    </Image>
    <Image Include="..\..\ОПИ\sava.jpg">
      <Filter>Исходные файлы</Filter>
    </Image>
    <Image Include="..\..\ОПИ\veronika.jpg">
      <Filter>Исходные файлы</Filter>
    </Image>
    <Image Include="..\..\ОПИ\yarik.jpg">
      <Filter>Исходные файлы</Filter>
    </Image>
  </ItemGroup>
  <ItemGroup>
    <Media Include="boom.wav">
      <Filter>Исходные файлы</Filter>
    </Media>
  </ItemGroup>
</Project>